// !$*UTF8*$!
{
	archiveVersion = 1;
	classes = {
	};
	objectVersion = 55;
	objects = {

/* Begin PBXBuildFile section */
		4CBE0903BCBE68705CB6F5B3 /* Pods_DemoForFirebaseTests.framework in Frameworks */ = {isa = PBXBuildFile; fileRef = 58F591A5CD02E35544623785 /* Pods_DemoForFirebaseTests.framework */; };
		995C9DDEBA248A6D51D973B2 /* Pods_DemoForFirebase.framework in Frameworks */ = {isa = PBXBuildFile; fileRef = 2567908C52ECD4C90B60EE0D /* Pods_DemoForFirebase.framework */; };
		ED18D66527601A5500035BC8 /* ContentModel.swift in Sources */ = {isa = PBXBuildFile; fileRef = ED18D66427601A5500035BC8 /* ContentModel.swift */; };
		ED552AA92756D87B0084F2FC /* DemoForFirebaseApp.swift in Sources */ = {isa = PBXBuildFile; fileRef = ED552AA82756D87B0084F2FC /* DemoForFirebaseApp.swift */; };
		ED552AAB2756D87B0084F2FC /* HomeView.swift in Sources */ = {isa = PBXBuildFile; fileRef = ED552AAA2756D87B0084F2FC /* HomeView.swift */; };
		ED552AAD2756D8800084F2FC /* Assets.xcassets in Resources */ = {isa = PBXBuildFile; fileRef = ED552AAC2756D8800084F2FC /* Assets.xcassets */; };
		ED552AB02756D8800084F2FC /* Preview Assets.xcassets in Resources */ = {isa = PBXBuildFile; fileRef = ED552AAF2756D8800084F2FC /* Preview Assets.xcassets */; };
		ED552ABA2756D8800084F2FC /* DemoForFirebaseTests.swift in Sources */ = {isa = PBXBuildFile; fileRef = ED552AB92756D8800084F2FC /* DemoForFirebaseTests.swift */; };
		ED552AC42756D8800084F2FC /* DemoForFirebaseUITests.swift in Sources */ = {isa = PBXBuildFile; fileRef = ED552AC32756D8800084F2FC /* DemoForFirebaseUITests.swift */; };
		ED552AC62756D8800084F2FC /* DemoForFirebaseUITestsLaunchTests.swift in Sources */ = {isa = PBXBuildFile; fileRef = ED552AC52756D8800084F2FC /* DemoForFirebaseUITestsLaunchTests.swift */; };
		ED552AD32756D8FC0084F2FC /* GoogleService-Info.plist in Resources */ = {isa = PBXBuildFile; fileRef = ED552AD22756D8FC0084F2FC /* GoogleService-Info.plist */; };
		EEC0D21FC38EA6CC33E74980 /* Pods_DemoForFirebase_DemoForFirebaseUITests.framework in Frameworks */ = {isa = PBXBuildFile; fileRef = C6BB0EC2007D8F2BFB21864B /* Pods_DemoForFirebase_DemoForFirebaseUITests.framework */; };
/* End PBXBuildFile section */

/* Begin PBXContainerItemProxy section */
		ED552AB62756D8800084F2FC /* PBXContainerItemProxy */ = {
			isa = PBXContainerItemProxy;
			containerPortal = ED552A9D2756D87A0084F2FC /* Project object */;
			proxyType = 1;
			remoteGlobalIDString = ED552AA42756D87B0084F2FC;
			remoteInfo = DemoForFirebase;
		};
		ED552AC02756D8800084F2FC /* PBXContainerItemProxy */ = {
			isa = PBXContainerItemProxy;
			containerPortal = ED552A9D2756D87A0084F2FC /* Project object */;
			proxyType = 1;
			remoteGlobalIDString = ED552AA42756D87B0084F2FC;
			remoteInfo = DemoForFirebase;
		};
/* End PBXContainerItemProxy section */

/* Begin PBXFileReference section */
		1A3AF455271756D781DBAA25 /* Pods-DemoForFirebaseTests.debug.xcconfig */ = {isa = PBXFileReference; includeInIndex = 1; lastKnownFileType = text.xcconfig; name = "Pods-DemoForFirebaseTests.debug.xcconfig"; path = "Target Support Files/Pods-DemoForFirebaseTests/Pods-DemoForFirebaseTests.debug.xcconfig"; sourceTree = "<group>"; };
		2567908C52ECD4C90B60EE0D /* Pods_DemoForFirebase.framework */ = {isa = PBXFileReference; explicitFileType = wrapper.framework; includeInIndex = 0; path = Pods_DemoForFirebase.framework; sourceTree = BUILT_PRODUCTS_DIR; };
		2627AC42AF177CDB41D6C911 /* Pods-DemoForFirebase-DemoForFirebaseUITests.debug.xcconfig */ = {isa = PBXFileReference; includeInIndex = 1; lastKnownFileType = text.xcconfig; name = "Pods-DemoForFirebase-DemoForFirebaseUITests.debug.xcconfig"; path = "Target Support Files/Pods-DemoForFirebase-DemoForFirebaseUITests/Pods-DemoForFirebase-DemoForFirebaseUITests.debug.xcconfig"; sourceTree = "<group>"; };
		58F591A5CD02E35544623785 /* Pods_DemoForFirebaseTests.framework */ = {isa = PBXFileReference; explicitFileType = wrapper.framework; includeInIndex = 0; path = Pods_DemoForFirebaseTests.framework; sourceTree = BUILT_PRODUCTS_DIR; };
		6AC0C24CC3F1E3F097F7E838 /* Pods-DemoForFirebase-DemoForFirebaseUITests.release.xcconfig */ = {isa = PBXFileReference; includeInIndex = 1; lastKnownFileType = text.xcconfig; name = "Pods-DemoForFirebase-DemoForFirebaseUITests.release.xcconfig"; path = "Target Support Files/Pods-DemoForFirebase-DemoForFirebaseUITests/Pods-DemoForFirebase-DemoForFirebaseUITests.release.xcconfig"; sourceTree = "<group>"; };
		C6BB0EC2007D8F2BFB21864B /* Pods_DemoForFirebase_DemoForFirebaseUITests.framework */ = {isa = PBXFileReference; explicitFileType = wrapper.framework; includeInIndex = 0; path = Pods_DemoForFirebase_DemoForFirebaseUITests.framework; sourceTree = BUILT_PRODUCTS_DIR; };
		E0CC428EE097F543BDB3CF07 /* Pods-DemoForFirebase.debug.xcconfig */ = {isa = PBXFileReference; includeInIndex = 1; lastKnownFileType = text.xcconfig; name = "Pods-DemoForFirebase.debug.xcconfig"; path = "Target Support Files/Pods-DemoForFirebase/Pods-DemoForFirebase.debug.xcconfig"; sourceTree = "<group>"; };
		ED18D66427601A5500035BC8 /* ContentModel.swift */ = {isa = PBXFileReference; lastKnownFileType = sourcecode.swift; path = ContentModel.swift; sourceTree = "<group>"; };
		ED552AA52756D87B0084F2FC /* DemoForFirebase.app */ = {isa = PBXFileReference; explicitFileType = wrapper.application; includeInIndex = 0; path = DemoForFirebase.app; sourceTree = BUILT_PRODUCTS_DIR; };
		ED552AA82756D87B0084F2FC /* DemoForFirebaseApp.swift */ = {isa = PBXFileReference; lastKnownFileType = sourcecode.swift; path = DemoForFirebaseApp.swift; sourceTree = "<group>"; };
		ED552AAA2756D87B0084F2FC /* HomeView.swift */ = {isa = PBXFileReference; lastKnownFileType = sourcecode.swift; path = HomeView.swift; sourceTree = "<group>"; };
		ED552AAC2756D8800084F2FC /* Assets.xcassets */ = {isa = PBXFileReference; lastKnownFileType = folder.assetcatalog; path = Assets.xcassets; sourceTree = "<group>"; };
		ED552AAF2756D8800084F2FC /* Preview Assets.xcassets */ = {isa = PBXFileReference; lastKnownFileType = folder.assetcatalog; path = "Preview Assets.xcassets"; sourceTree = "<group>"; };
		ED552AB52756D8800084F2FC /* DemoForFirebaseTests.xctest */ = {isa = PBXFileReference; explicitFileType = wrapper.cfbundle; includeInIndex = 0; path = DemoForFirebaseTests.xctest; sourceTree = BUILT_PRODUCTS_DIR; };
		ED552AB92756D8800084F2FC /* DemoForFirebaseTests.swift */ = {isa = PBXFileReference; lastKnownFileType = sourcecode.swift; path = DemoForFirebaseTests.swift; sourceTree = "<group>"; };
		ED552ABF2756D8800084F2FC /* DemoForFirebaseUITests.xctest */ = {isa = PBXFileReference; explicitFileType = wrapper.cfbundle; includeInIndex = 0; path = DemoForFirebaseUITests.xctest; sourceTree = BUILT_PRODUCTS_DIR; };
		ED552AC32756D8800084F2FC /* DemoForFirebaseUITests.swift */ = {isa = PBXFileReference; lastKnownFileType = sourcecode.swift; path = DemoForFirebaseUITests.swift; sourceTree = "<group>"; };
		ED552AC52756D8800084F2FC /* DemoForFirebaseUITestsLaunchTests.swift */ = {isa = PBXFileReference; lastKnownFileType = sourcecode.swift; path = DemoForFirebaseUITestsLaunchTests.swift; sourceTree = "<group>"; };
		ED552AD22756D8FC0084F2FC /* GoogleService-Info.plist */ = {isa = PBXFileReference; fileEncoding = 4; lastKnownFileType = text.plist.xml; path = "GoogleService-Info.plist"; sourceTree = "<group>"; };
		FAC7996F1F04878C583D1C8A /* Pods-DemoForFirebase.release.xcconfig */ = {isa = PBXFileReference; includeInIndex = 1; lastKnownFileType = text.xcconfig; name = "Pods-DemoForFirebase.release.xcconfig"; path = "Target Support Files/Pods-DemoForFirebase/Pods-DemoForFirebase.release.xcconfig"; sourceTree = "<group>"; };
		FB051E5ACD1147393F8CBBBB /* Pods-DemoForFirebaseTests.release.xcconfig */ = {isa = PBXFileReference; includeInIndex = 1; lastKnownFileType = text.xcconfig; name = "Pods-DemoForFirebaseTests.release.xcconfig"; path = "Target Support Files/Pods-DemoForFirebaseTests/Pods-DemoForFirebaseTests.release.xcconfig"; sourceTree = "<group>"; };
/* End PBXFileReference section */

/* Begin PBXFrameworksBuildPhase section */
		ED552AA22756D87B0084F2FC /* Frameworks */ = {
			isa = PBXFrameworksBuildPhase;
			buildActionMask = 2147483647;
			files = (
				995C9DDEBA248A6D51D973B2 /* Pods_DemoForFirebase.framework in Frameworks */,
			);
			runOnlyForDeploymentPostprocessing = 0;
		};
		ED552AB22756D8800084F2FC /* Frameworks */ = {
			isa = PBXFrameworksBuildPhase;
			buildActionMask = 2147483647;
			files = (
				4CBE0903BCBE68705CB6F5B3 /* Pods_DemoForFirebaseTests.framework in Frameworks */,
			);
			runOnlyForDeploymentPostprocessing = 0;
		};
		ED552ABC2756D8800084F2FC /* Frameworks */ = {
			isa = PBXFrameworksBuildPhase;
			buildActionMask = 2147483647;
			files = (
				EEC0D21FC38EA6CC33E74980 /* Pods_DemoForFirebase_DemoForFirebaseUITests.framework in Frameworks */,
			);
			runOnlyForDeploymentPostprocessing = 0;
		};
/* End PBXFrameworksBuildPhase section */

/* Begin PBXGroup section */
		694774D9CC6816899A2FDB9A /* Frameworks */ = {
			isa = PBXGroup;
			children = (
				2567908C52ECD4C90B60EE0D /* Pods_DemoForFirebase.framework */,
				C6BB0EC2007D8F2BFB21864B /* Pods_DemoForFirebase_DemoForFirebaseUITests.framework */,
				58F591A5CD02E35544623785 /* Pods_DemoForFirebaseTests.framework */,
			);
			name = Frameworks;
			sourceTree = "<group>";
		};
		E7A6F1A0AA2489372329C301 /* Pods */ = {
			isa = PBXGroup;
			children = (
				E0CC428EE097F543BDB3CF07 /* Pods-DemoForFirebase.debug.xcconfig */,
				FAC7996F1F04878C583D1C8A /* Pods-DemoForFirebase.release.xcconfig */,
				2627AC42AF177CDB41D6C911 /* Pods-DemoForFirebase-DemoForFirebaseUITests.debug.xcconfig */,
				6AC0C24CC3F1E3F097F7E838 /* Pods-DemoForFirebase-DemoForFirebaseUITests.release.xcconfig */,
				1A3AF455271756D781DBAA25 /* Pods-DemoForFirebaseTests.debug.xcconfig */,
				FB051E5ACD1147393F8CBBBB /* Pods-DemoForFirebaseTests.release.xcconfig */,
			);
			path = Pods;
			sourceTree = "<group>";
		};
		ED18D65F27601A0B00035BC8 /* Views */ = {
			isa = PBXGroup;
			children = (
				ED552AAA2756D87B0084F2FC /* HomeView.swift */,
			);
			path = Views;
			sourceTree = "<group>";
		};
		ED18D66027601A1000035BC8 /* ViewModels */ = {
			isa = PBXGroup;
			children = (
				ED18D66427601A5500035BC8 /* ContentModel.swift */,
			);
			path = ViewModels;
			sourceTree = "<group>";
		};
		ED18D66127601A1600035BC8 /* Resources */ = {
			isa = PBXGroup;
			children = (
			);
			path = Resources;
			sourceTree = "<group>";
		};
		ED18D66227601A1D00035BC8 /* Helpers */ = {
			isa = PBXGroup;
			children = (
			);
			path = Helpers;
			sourceTree = "<group>";
		};
		ED18D66327601A2400035BC8 /* Models */ = {
			isa = PBXGroup;
			children = (
			);
			path = Models;
			sourceTree = "<group>";
		};
		ED552A9C2756D87A0084F2FC = {
			isa = PBXGroup;
			children = (
				ED552AA72756D87B0084F2FC /* DemoForFirebase */,
				ED552AB82756D8800084F2FC /* DemoForFirebaseTests */,
				ED552AC22756D8800084F2FC /* DemoForFirebaseUITests */,
				ED552AA62756D87B0084F2FC /* Products */,
				E7A6F1A0AA2489372329C301 /* Pods */,
				694774D9CC6816899A2FDB9A /* Frameworks */,
			);
			sourceTree = "<group>";
		};
		ED552AA62756D87B0084F2FC /* Products */ = {
			isa = PBXGroup;
			children = (
				ED552AA52756D87B0084F2FC /* DemoForFirebase.app */,
				ED552AB52756D8800084F2FC /* DemoForFirebaseTests.xctest */,
				ED552ABF2756D8800084F2FC /* DemoForFirebaseUITests.xctest */,
			);
			name = Products;
			sourceTree = "<group>";
		};
		ED552AA72756D87B0084F2FC /* DemoForFirebase */ = {
			isa = PBXGroup;
			children = (
				ED552AA82756D87B0084F2FC /* DemoForFirebaseApp.swift */,
				ED18D65F27601A0B00035BC8 /* Views */,
				ED18D66327601A2400035BC8 /* Models */,
				ED18D66227601A1D00035BC8 /* Helpers */,
				ED18D66127601A1600035BC8 /* Resources */,
				ED18D66027601A1000035BC8 /* ViewModels */,
				ED552AD22756D8FC0084F2FC /* GoogleService-Info.plist */,
				ED552AAC2756D8800084F2FC /* Assets.xcassets */,
				ED552AAE2756D8800084F2FC /* Preview Content */,
			);
			path = DemoForFirebase;
			sourceTree = "<group>";
		};
		ED552AAE2756D8800084F2FC /* Preview Content */ = {
			isa = PBXGroup;
			children = (
				ED552AAF2756D8800084F2FC /* Preview Assets.xcassets */,
			);
			path = "Preview Content";
			sourceTree = "<group>";
		};
		ED552AB82756D8800084F2FC /* DemoForFirebaseTests */ = {
			isa = PBXGroup;
			children = (
				ED552AB92756D8800084F2FC /* DemoForFirebaseTests.swift */,
			);
			path = DemoForFirebaseTests;
			sourceTree = "<group>";
		};
		ED552AC22756D8800084F2FC /* DemoForFirebaseUITests */ = {
			isa = PBXGroup;
			children = (
				ED552AC32756D8800084F2FC /* DemoForFirebaseUITests.swift */,
				ED552AC52756D8800084F2FC /* DemoForFirebaseUITestsLaunchTests.swift */,
			);
			path = DemoForFirebaseUITests;
			sourceTree = "<group>";
		};
/* End PBXGroup section */

/* Begin PBXNativeTarget section */
		ED552AA42756D87B0084F2FC /* DemoForFirebase */ = {
			isa = PBXNativeTarget;
			buildConfigurationList = ED552AC92756D8800084F2FC /* Build configuration list for PBXNativeTarget "DemoForFirebase" */;
			buildPhases = (
				B8BDAB3942B00D292FADC6F6 /* [CP] Check Pods Manifest.lock */,
				ED552AA12756D87B0084F2FC /* Sources */,
				ED552AA22756D87B0084F2FC /* Frameworks */,
				ED552AA32756D87B0084F2FC /* Resources */,
				AEA421B65DAFE85961B7F26D /* [CP] Embed Pods Frameworks */,
			);
			buildRules = (
			);
			dependencies = (
			);
			name = DemoForFirebase;
			productName = DemoForFirebase;
			productReference = ED552AA52756D87B0084F2FC /* DemoForFirebase.app */;
			productType = "com.apple.product-type.application";
		};
		ED552AB42756D8800084F2FC /* DemoForFirebaseTests */ = {
			isa = PBXNativeTarget;
			buildConfigurationList = ED552ACC2756D8800084F2FC /* Build configuration list for PBXNativeTarget "DemoForFirebaseTests" */;
			buildPhases = (
				89679E0D178ACF5D72EC151D /* [CP] Check Pods Manifest.lock */,
				ED552AB12756D8800084F2FC /* Sources */,
				ED552AB22756D8800084F2FC /* Frameworks */,
				ED552AB32756D8800084F2FC /* Resources */,
			);
			buildRules = (
			);
			dependencies = (
				ED552AB72756D8800084F2FC /* PBXTargetDependency */,
			);
			name = DemoForFirebaseTests;
			productName = DemoForFirebaseTests;
			productReference = ED552AB52756D8800084F2FC /* DemoForFirebaseTests.xctest */;
			productType = "com.apple.product-type.bundle.unit-test";
		};
		ED552ABE2756D8800084F2FC /* DemoForFirebaseUITests */ = {
			isa = PBXNativeTarget;
			buildConfigurationList = ED552ACF2756D8800084F2FC /* Build configuration list for PBXNativeTarget "DemoForFirebaseUITests" */;
			buildPhases = (
				79DB85C1E2EE2D843C527455 /* [CP] Check Pods Manifest.lock */,
				ED552ABB2756D8800084F2FC /* Sources */,
				ED552ABC2756D8800084F2FC /* Frameworks */,
				ED552ABD2756D8800084F2FC /* Resources */,
				E44DCDA120089F00175641F9 /* [CP] Embed Pods Frameworks */,
			);
			buildRules = (
			);
			dependencies = (
				ED552AC12756D8800084F2FC /* PBXTargetDependency */,
			);
			name = DemoForFirebaseUITests;
			productName = DemoForFirebaseUITests;
			productReference = ED552ABF2756D8800084F2FC /* DemoForFirebaseUITests.xctest */;
			productType = "com.apple.product-type.bundle.ui-testing";
		};
/* End PBXNativeTarget section */

/* Begin PBXProject section */
		ED552A9D2756D87A0084F2FC /* Project object */ = {
			isa = PBXProject;
			attributes = {
				BuildIndependentTargetsInParallel = 1;
				LastSwiftUpdateCheck = 1310;
				LastUpgradeCheck = 1310;
				TargetAttributes = {
					ED552AA42756D87B0084F2FC = {
						CreatedOnToolsVersion = 13.1;
					};
					ED552AB42756D8800084F2FC = {
						CreatedOnToolsVersion = 13.1;
						TestTargetID = ED552AA42756D87B0084F2FC;
					};
					ED552ABE2756D8800084F2FC = {
						CreatedOnToolsVersion = 13.1;
						TestTargetID = ED552AA42756D87B0084F2FC;
					};
				};
			};
			buildConfigurationList = ED552AA02756D87A0084F2FC /* Build configuration list for PBXProject "DemoForFirebase" */;
			compatibilityVersion = "Xcode 13.0";
			developmentRegion = en;
			hasScannedForEncodings = 0;
			knownRegions = (
				en,
				Base,
			);
			mainGroup = ED552A9C2756D87A0084F2FC;
			productRefGroup = ED552AA62756D87B0084F2FC /* Products */;
			projectDirPath = "";
			projectRoot = "";
			targets = (
				ED552AA42756D87B0084F2FC /* DemoForFirebase */,
				ED552AB42756D8800084F2FC /* DemoForFirebaseTests */,
				ED552ABE2756D8800084F2FC /* DemoForFirebaseUITests */,
			);
		};
/* End PBXProject section */

/* Begin PBXResourcesBuildPhase section */
		ED552AA32756D87B0084F2FC /* Resources */ = {
			isa = PBXResourcesBuildPhase;
			buildActionMask = 2147483647;
			files = (
				ED552AB02756D8800084F2FC /* Preview Assets.xcassets in Resources */,
				ED552AD32756D8FC0084F2FC /* GoogleService-Info.plist in Resources */,
				ED552AAD2756D8800084F2FC /* Assets.xcassets in Resources */,
			);
			runOnlyForDeploymentPostprocessing = 0;
		};
		ED552AB32756D8800084F2FC /* Resources */ = {
			isa = PBXResourcesBuildPhase;
			buildActionMask = 2147483647;
			files = (
			);
			runOnlyForDeploymentPostprocessing = 0;
		};
		ED552ABD2756D8800084F2FC /* Resources */ = {
			isa = PBXResourcesBuildPhase;
			buildActionMask = 2147483647;
			files = (
			);
			runOnlyForDeploymentPostprocessing = 0;
		};
/* End PBXResourcesBuildPhase section */

/* Begin PBXShellScriptBuildPhase section */
		79DB85C1E2EE2D843C527455 /* [CP] Check Pods Manifest.lock */ = {
			isa = PBXShellScriptBuildPhase;
			buildActionMask = 2147483647;
			files = (
			);
			inputFileListPaths = (
			);
			inputPaths = (
				"${PODS_PODFILE_DIR_PATH}/Podfile.lock",
				"${PODS_ROOT}/Manifest.lock",
			);
			name = "[CP] Check Pods Manifest.lock";
			outputFileListPaths = (
			);
			outputPaths = (
				"$(DERIVED_FILE_DIR)/Pods-DemoForFirebase-DemoForFirebaseUITests-checkManifestLockResult.txt",
			);
			runOnlyForDeploymentPostprocessing = 0;
			shellPath = /bin/sh;
			shellScript = "diff \"${PODS_PODFILE_DIR_PATH}/Podfile.lock\" \"${PODS_ROOT}/Manifest.lock\" > /dev/null\nif [ $? != 0 ] ; then\n    # print error to STDERR\n    echo \"error: The sandbox is not in sync with the Podfile.lock. Run 'pod install' or update your CocoaPods installation.\" >&2\n    exit 1\nfi\n# This output is used by Xcode 'outputs' to avoid re-running this script phase.\necho \"SUCCESS\" > \"${SCRIPT_OUTPUT_FILE_0}\"\n";
			showEnvVarsInLog = 0;
		};
		89679E0D178ACF5D72EC151D /* [CP] Check Pods Manifest.lock */ = {
			isa = PBXShellScriptBuildPhase;
			buildActionMask = 2147483647;
			files = (
			);
			inputFileListPaths = (
			);
			inputPaths = (
				"${PODS_PODFILE_DIR_PATH}/Podfile.lock",
				"${PODS_ROOT}/Manifest.lock",
			);
			name = "[CP] Check Pods Manifest.lock";
			outputFileListPaths = (
			);
			outputPaths = (
				"$(DERIVED_FILE_DIR)/Pods-DemoForFirebaseTests-checkManifestLockResult.txt",
			);
			runOnlyForDeploymentPostprocessing = 0;
			shellPath = /bin/sh;
			shellScript = "diff \"${PODS_PODFILE_DIR_PATH}/Podfile.lock\" \"${PODS_ROOT}/Manifest.lock\" > /dev/null\nif [ $? != 0 ] ; then\n    # print error to STDERR\n    echo \"error: The sandbox is not in sync with the Podfile.lock. Run 'pod install' or update your CocoaPods installation.\" >&2\n    exit 1\nfi\n# This output is used by Xcode 'outputs' to avoid re-running this script phase.\necho \"SUCCESS\" > \"${SCRIPT_OUTPUT_FILE_0}\"\n";
			showEnvVarsInLog = 0;
		};
		AEA421B65DAFE85961B7F26D /* [CP] Embed Pods Frameworks */ = {
			isa = PBXShellScriptBuildPhase;
			buildActionMask = 2147483647;
			files = (
			);
			inputFileListPaths = (
				"${PODS_ROOT}/Target Support Files/Pods-DemoForFirebase/Pods-DemoForFirebase-frameworks-${CONFIGURATION}-input-files.xcfilelist",
			);
			name = "[CP] Embed Pods Frameworks";
			outputFileListPaths = (
				"${PODS_ROOT}/Target Support Files/Pods-DemoForFirebase/Pods-DemoForFirebase-frameworks-${CONFIGURATION}-output-files.xcfilelist",
			);
			runOnlyForDeploymentPostprocessing = 0;
			shellPath = /bin/sh;
			shellScript = "\"${PODS_ROOT}/Target Support Files/Pods-DemoForFirebase/Pods-DemoForFirebase-frameworks.sh\"\n";
			showEnvVarsInLog = 0;
		};
		B8BDAB3942B00D292FADC6F6 /* [CP] Check Pods Manifest.lock */ = {
			isa = PBXShellScriptBuildPhase;
			buildActionMask = 2147483647;
			files = (
			);
			inputFileListPaths = (
			);
			inputPaths = (
				"${PODS_PODFILE_DIR_PATH}/Podfile.lock",
				"${PODS_ROOT}/Manifest.lock",
			);
			name = "[CP] Check Pods Manifest.lock";
			outputFileListPaths = (
			);
			outputPaths = (
				"$(DERIVED_FILE_DIR)/Pods-DemoForFirebase-checkManifestLockResult.txt",
			);
			runOnlyForDeploymentPostprocessing = 0;
			shellPath = /bin/sh;
			shellScript = "diff \"${PODS_PODFILE_DIR_PATH}/Podfile.lock\" \"${PODS_ROOT}/Manifest.lock\" > /dev/null\nif [ $? != 0 ] ; then\n    # print error to STDERR\n    echo \"error: The sandbox is not in sync with the Podfile.lock. Run 'pod install' or update your CocoaPods installation.\" >&2\n    exit 1\nfi\n# This output is used by Xcode 'outputs' to avoid re-running this script phase.\necho \"SUCCESS\" > \"${SCRIPT_OUTPUT_FILE_0}\"\n";
			showEnvVarsInLog = 0;
		};
		E44DCDA120089F00175641F9 /* [CP] Embed Pods Frameworks */ = {
			isa = PBXShellScriptBuildPhase;
			buildActionMask = 2147483647;
			files = (
			);
			inputFileListPaths = (
				"${PODS_ROOT}/Target Support Files/Pods-DemoForFirebase-DemoForFirebaseUITests/Pods-DemoForFirebase-DemoForFirebaseUITests-frameworks-${CONFIGURATION}-input-files.xcfilelist",
			);
			name = "[CP] Embed Pods Frameworks";
			outputFileListPaths = (
				"${PODS_ROOT}/Target Support Files/Pods-DemoForFirebase-DemoForFirebaseUITests/Pods-DemoForFirebase-DemoForFirebaseUITests-frameworks-${CONFIGURATION}-output-files.xcfilelist",
			);
			runOnlyForDeploymentPostprocessing = 0;
			shellPath = /bin/sh;
			shellScript = "\"${PODS_ROOT}/Target Support Files/Pods-DemoForFirebase-DemoForFirebaseUITests/Pods-DemoForFirebase-DemoForFirebaseUITests-frameworks.sh\"\n";
			showEnvVarsInLog = 0;
		};
/* End PBXShellScriptBuildPhase section */

/* Begin PBXSourcesBuildPhase section */
		ED552AA12756D87B0084F2FC /* Sources */ = {
			isa = PBXSourcesBuildPhase;
			buildActionMask = 2147483647;
			files = (
				ED552AAB2756D87B0084F2FC /* HomeView.swift in Sources */,
				ED552AA92756D87B0084F2FC /* DemoForFirebaseApp.swift in Sources */,
				ED18D66527601A5500035BC8 /* ContentModel.swift in Sources */,
			);
			runOnlyForDeploymentPostprocessing = 0;
		};
		ED552AB12756D8800084F2FC /* Sources */ = {
			isa = PBXSourcesBuildPhase;
			buildActionMask = 2147483647;
			files = (
				ED552ABA2756D8800084F2FC /* DemoForFirebaseTests.swift in Sources */,
			);
			runOnlyForDeploymentPostprocessing = 0;
		};
		ED552ABB2756D8800084F2FC /* Sources */ = {
			isa = PBXSourcesBuildPhase;
			buildActionMask = 2147483647;
			files = (
				ED552AC62756D8800084F2FC /* DemoForFirebaseUITestsLaunchTests.swift in Sources */,
				ED552AC42756D8800084F2FC /* DemoForFirebaseUITests.swift in Sources */,
			);
			runOnlyForDeploymentPostprocessing = 0;
		};
/* End PBXSourcesBuildPhase section */

/* Begin PBXTargetDependency section */
		ED552AB72756D8800084F2FC /* PBXTargetDependency */ = {
			isa = PBXTargetDependency;
			target = ED552AA42756D87B0084F2FC /* DemoForFirebase */;
			targetProxy = ED552AB62756D8800084F2FC /* PBXContainerItemProxy */;
		};
		ED552AC12756D8800084F2FC /* PBXTargetDependency */ = {
			isa = PBXTargetDependency;
			target = ED552AA42756D87B0084F2FC /* DemoForFirebase */;
			targetProxy = ED552AC02756D8800084F2FC /* PBXContainerItemProxy */;
		};
/* End PBXTargetDependency section */

/* Begin XCBuildConfiguration section */
		ED552AC72756D8800084F2FC /* Debug */ = {
			isa = XCBuildConfiguration;
			buildSettings = {
				ALWAYS_SEARCH_USER_PATHS = NO;
				CLANG_ANALYZER_NONNULL = YES;
				CLANG_ANALYZER_NUMBER_OBJECT_CONVERSION = YES_AGGRESSIVE;
				CLANG_CXX_LANGUAGE_STANDARD = "gnu++17";
				CLANG_CXX_LIBRARY = "libc++";
				CLANG_ENABLE_MODULES = YES;
				CLANG_ENABLE_OBJC_ARC = YES;
				CLANG_ENABLE_OBJC_WEAK = YES;
				CLANG_WARN_BLOCK_CAPTURE_AUTORELEASING = YES;
				CLANG_WARN_BOOL_CONVERSION = YES;
				CLANG_WARN_COMMA = YES;
				CLANG_WARN_CONSTANT_CONVERSION = YES;
				CLANG_WARN_DEPRECATED_OBJC_IMPLEMENTATIONS = YES;
				CLANG_WARN_DIRECT_OBJC_ISA_USAGE = YES_ERROR;
				CLANG_WARN_DOCUMENTATION_COMMENTS = YES;
				CLANG_WARN_EMPTY_BODY = YES;
				CLANG_WARN_ENUM_CONVERSION = YES;
				CLANG_WARN_INFINITE_RECURSION = YES;
				CLANG_WARN_INT_CONVERSION = YES;
				CLANG_WARN_NON_LITERAL_NULL_CONVERSION = YES;
				CLANG_WARN_OBJC_IMPLICIT_RETAIN_SELF = YES;
				CLANG_WARN_OBJC_LITERAL_CONVERSION = YES;
				CLANG_WARN_OBJC_ROOT_CLASS = YES_ERROR;
				CLANG_WARN_QUOTED_INCLUDE_IN_FRAMEWORK_HEADER = YES;
				CLANG_WARN_RANGE_LOOP_ANALYSIS = YES;
				CLANG_WARN_STRICT_PROTOTYPES = YES;
				CLANG_WARN_SUSPICIOUS_MOVE = YES;
				CLANG_WARN_UNGUARDED_AVAILABILITY = YES_AGGRESSIVE;
				CLANG_WARN_UNREACHABLE_CODE = YES;
				CLANG_WARN__DUPLICATE_METHOD_MATCH = YES;
				COPY_PHASE_STRIP = NO;
				DEBUG_INFORMATION_FORMAT = dwarf;
				ENABLE_STRICT_OBJC_MSGSEND = YES;
				ENABLE_TESTABILITY = YES;
				GCC_C_LANGUAGE_STANDARD = gnu11;
				GCC_DYNAMIC_NO_PIC = NO;
				GCC_NO_COMMON_BLOCKS = YES;
				GCC_OPTIMIZATION_LEVEL = 0;
				GCC_PREPROCESSOR_DEFINITIONS = (
					"DEBUG=1",
					"$(inherited)",
				);
				GCC_WARN_64_TO_32_BIT_CONVERSION = YES;
				GCC_WARN_ABOUT_RETURN_TYPE = YES_ERROR;
				GCC_WARN_UNDECLARED_SELECTOR = YES;
				GCC_WARN_UNINITIALIZED_AUTOS = YES_AGGRESSIVE;
				GCC_WARN_UNUSED_FUNCTION = YES;
				GCC_WARN_UNUSED_VARIABLE = YES;
				IPHONEOS_DEPLOYMENT_TARGET = 15.0;
				MTL_ENABLE_DEBUG_INFO = INCLUDE_SOURCE;
				MTL_FAST_MATH = YES;
				ONLY_ACTIVE_ARCH = YES;
				SDKROOT = iphoneos;
				SWIFT_ACTIVE_COMPILATION_CONDITIONS = DEBUG;
				SWIFT_OPTIMIZATION_LEVEL = "-Onone";
			};
			name = Debug;
		};
		ED552AC82756D8800084F2FC /* Release */ = {
			isa = XCBuildConfiguration;
			buildSettings = {
				ALWAYS_SEARCH_USER_PATHS = NO;
				CLANG_ANALYZER_NONNULL = YES;
				CLANG_ANALYZER_NUMBER_OBJECT_CONVERSION = YES_AGGRESSIVE;
				CLANG_CXX_LANGUAGE_STANDARD = "gnu++17";
				CLANG_CXX_LIBRARY = "libc++";
				CLANG_ENABLE_MODULES = YES;
				CLANG_ENABLE_OBJC_ARC = YES;
				CLANG_ENABLE_OBJC_WEAK = YES;
				CLANG_WARN_BLOCK_CAPTURE_AUTORELEASING = YES;
				CLANG_WARN_BOOL_CONVERSION = YES;
				CLANG_WARN_COMMA = YES;
				CLANG_WARN_CONSTANT_CONVERSION = YES;
				CLANG_WARN_DEPRECATED_OBJC_IMPLEMENTATIONS = YES;
				CLANG_WARN_DIRECT_OBJC_ISA_USAGE = YES_ERROR;
				CLANG_WARN_DOCUMENTATION_COMMENTS = YES;
				CLANG_WARN_EMPTY_BODY = YES;
				CLANG_WARN_ENUM_CONVERSION = YES;
				CLANG_WARN_INFINITE_RECURSION = YES;
				CLANG_WARN_INT_CONVERSION = YES;
				CLANG_WARN_NON_LITERAL_NULL_CONVERSION = YES;
				CLANG_WARN_OBJC_IMPLICIT_RETAIN_SELF = YES;
				CLANG_WARN_OBJC_LITERAL_CONVERSION = YES;
				CLANG_WARN_OBJC_ROOT_CLASS = YES_ERROR;
				CLANG_WARN_QUOTED_INCLUDE_IN_FRAMEWORK_HEADER = YES;
				CLANG_WARN_RANGE_LOOP_ANALYSIS = YES;
				CLANG_WARN_STRICT_PROTOTYPES = YES;
				CLANG_WARN_SUSPICIOUS_MOVE = YES;
				CLANG_WARN_UNGUARDED_AVAILABILITY = YES_AGGRESSIVE;
				CLANG_WARN_UNREACHABLE_CODE = YES;
				CLANG_WARN__DUPLICATE_METHOD_MATCH = YES;
				COPY_PHASE_STRIP = NO;
				DEBUG_INFORMATION_FORMAT = "dwarf-with-dsym";
				ENABLE_NS_ASSERTIONS = NO;
				ENABLE_STRICT_OBJC_MSGSEND = YES;
				GCC_C_LANGUAGE_STANDARD = gnu11;
				GCC_NO_COMMON_BLOCKS = YES;
				GCC_WARN_64_TO_32_BIT_CONVERSION = YES;
				GCC_WARN_ABOUT_RETURN_TYPE = YES_ERROR;
				GCC_WARN_UNDECLARED_SELECTOR = YES;
				GCC_WARN_UNINITIALIZED_AUTOS = YES_AGGRESSIVE;
				GCC_WARN_UNUSED_FUNCTION = YES;
				GCC_WARN_UNUSED_VARIABLE = YES;
				IPHONEOS_DEPLOYMENT_TARGET = 15.0;
				MTL_ENABLE_DEBUG_INFO = NO;
				MTL_FAST_MATH = YES;
				SDKROOT = iphoneos;
				SWIFT_COMPILATION_MODE = wholemodule;
				SWIFT_OPTIMIZATION_LEVEL = "-O";
				VALIDATE_PRODUCT = YES;
			};
			name = Release;
		};
		ED552ACA2756D8800084F2FC /* Debug */ = {
			isa = XCBuildConfiguration;
			baseConfigurationReference = E0CC428EE097F543BDB3CF07 /* Pods-DemoForFirebase.debug.xcconfig */;
			buildSettings = {
				ASSETCATALOG_COMPILER_APPICON_NAME = AppIcon;
				ASSETCATALOG_COMPILER_GLOBAL_ACCENT_COLOR_NAME = AccentColor;
				CODE_SIGN_STYLE = Automatic;
				CURRENT_PROJECT_VERSION = 1;
				DEVELOPMENT_ASSET_PATHS = "\"DemoForFirebase/Preview Content\"";
				DEVELOPMENT_TEAM = 5MC34UNB4W;
				ENABLE_PREVIEWS = YES;
				GENERATE_INFOPLIST_FILE = YES;
				INFOPLIST_KEY_UIApplicationSceneManifest_Generation = YES;
				INFOPLIST_KEY_UIApplicationSupportsIndirectInputEvents = YES;
				INFOPLIST_KEY_UILaunchScreen_Generation = YES;
				INFOPLIST_KEY_UISupportedInterfaceOrientations_iPad = "UIInterfaceOrientationPortrait UIInterfaceOrientationPortraitUpsideDown UIInterfaceOrientationLandscapeLeft UIInterfaceOrientationLandscapeRight";
				INFOPLIST_KEY_UISupportedInterfaceOrientations_iPhone = "UIInterfaceOrientationPortrait UIInterfaceOrientationLandscapeLeft UIInterfaceOrientationLandscapeRight";
				LD_RUNPATH_SEARCH_PATHS = (
					"$(inherited)",
					"@executable_path/Frameworks",
				);
				MARKETING_VERSION = 1.0;
				PRODUCT_BUNDLE_IDENTIFIER = com.andystefani.DemoForFirebase;
				PRODUCT_NAME = "$(TARGET_NAME)";
				SWIFT_EMIT_LOC_STRINGS = YES;
				SWIFT_VERSION = 5.0;
				TARGETED_DEVICE_FAMILY = "1,2";
			};
			name = Debug;
		};
		ED552ACB2756D8800084F2FC /* Release */ = {
			isa = XCBuildConfiguration;
			baseConfigurationReference = FAC7996F1F04878C583D1C8A /* Pods-DemoForFirebase.release.xcconfig */;
			buildSettings = {
				ASSETCATALOG_COMPILER_APPICON_NAME = AppIcon;
				ASSETCATALOG_COMPILER_GLOBAL_ACCENT_COLOR_NAME = AccentColor;
				CODE_SIGN_STYLE = Automatic;
				CURRENT_PROJECT_VERSION = 1;
				DEVELOPMENT_ASSET_PATHS = "\"DemoForFirebase/Preview Content\"";
				DEVELOPMENT_TEAM = 5MC34UNB4W;
				ENABLE_PREVIEWS = YES;
				GENERATE_INFOPLIST_FILE = YES;
				INFOPLIST_KEY_UIApplicationSceneManifest_Generation = YES;
				INFOPLIST_KEY_UIApplicationSupportsIndirectInputEvents = YES;
				INFOPLIST_KEY_UILaunchScreen_Generation = YES;
				INFOPLIST_KEY_UISupportedInterfaceOrientations_iPad = "UIInterfaceOrientationPortrait UIInterfaceOrientationPortraitUpsideDown UIInterfaceOrientationLandscapeLeft UIInterfaceOrientationLandscapeRight";
				INFOPLIST_KEY_UISupportedInterfaceOrientations_iPhone = "UIInterfaceOrientationPortrait UIInterfaceOrientationLandscapeLeft UIInterfaceOrientationLandscapeRight";
				LD_RUNPATH_SEARCH_PATHS = (
					"$(inherited)",
					"@executable_path/Frameworks",
				);
				MARKETING_VERSION = 1.0;
				PRODUCT_BUNDLE_IDENTIFIER = com.andystefani.DemoForFirebase;
				PRODUCT_NAME = "$(TARGET_NAME)";
				SWIFT_EMIT_LOC_STRINGS = YES;
				SWIFT_VERSION = 5.0;
				TARGETED_DEVICE_FAMILY = "1,2";
			};
			name = Release;
		};
		ED552ACD2756D8800084F2FC /* Debug */ = {
			isa = XCBuildConfiguration;
			baseConfigurationReference = 1A3AF455271756D781DBAA25 /* Pods-DemoForFirebaseTests.debug.xcconfig */;
			buildSettings = {
				ALWAYS_EMBED_SWIFT_STANDARD_LIBRARIES = YES;
				BUNDLE_LOADER = "$(TEST_HOST)";
				CODE_SIGN_STYLE = Automatic;
				CURRENT_PROJECT_VERSION = 1;
				DEVELOPMENT_TEAM = 5MC34UNB4W;
				GENERATE_INFOPLIST_FILE = YES;
				IPHONEOS_DEPLOYMENT_TARGET = 15.0;
				LD_RUNPATH_SEARCH_PATHS = (
					"$(inherited)",
					"@executable_path/Frameworks",
					"@loader_path/Frameworks",
				);
				MARKETING_VERSION = 1.0;
				PRODUCT_BUNDLE_IDENTIFIER = com.andystefani.DemoForFirebaseTests;
				PRODUCT_NAME = "$(TARGET_NAME)";
				SWIFT_EMIT_LOC_STRINGS = NO;
				SWIFT_VERSION = 5.0;
				TARGETED_DEVICE_FAMILY = "1,2";
				TEST_HOST = "$(BUILT_PRODUCTS_DIR)/DemoForFirebase.app/DemoForFirebase";
			};
			name = Debug;
		};
		ED552ACE2756D8800084F2FC /* Release */ = {
			isa = XCBuildConfiguration;
			baseConfigurationReference = FB051E5ACD1147393F8CBBBB /* Pods-DemoForFirebaseTests.release.xcconfig */;
			buildSettings = {
				ALWAYS_EMBED_SWIFT_STANDARD_LIBRARIES = YES;
				BUNDLE_LOADER = "$(TEST_HOST)";
				CODE_SIGN_STYLE = Automatic;
				CURRENT_PROJECT_VERSION = 1;
				DEVELOPMENT_TEAM = 5MC34UNB4W;
				GENERATE_INFOPLIST_FILE = YES;
				IPHONEOS_DEPLOYMENT_TARGET = 15.0;
				LD_RUNPATH_SEARCH_PATHS = (
					"$(inherited)",
					"@executable_path/Frameworks",
					"@loader_path/Frameworks",
				);
				MARKETING_VERSION = 1.0;
				PRODUCT_BUNDLE_IDENTIFIER = com.andystefani.DemoForFirebaseTests;
				PRODUCT_NAME = "$(TARGET_NAME)";
				SWIFT_EMIT_LOC_STRINGS = NO;
				SWIFT_VERSION = 5.0;
				TARGETED_DEVICE_FAMILY = "1,2";
				TEST_HOST = "$(BUILT_PRODUCTS_DIR)/DemoForFirebase.app/DemoForFirebase";
			};
			name = Release;
		};
		ED552AD02756D8800084F2FC /* Debug */ = {
			isa = XCBuildConfiguration;
			baseConfigurationReference = 2627AC42AF177CDB41D6C911 /* Pods-DemoForFirebase-DemoForFirebaseUITests.debug.xcconfig */;
			buildSettings = {
				ALWAYS_EMBED_SWIFT_STANDARD_LIBRARIES = YES;
				CODE_SIGN_STYLE = Automatic;
				CURRENT_PROJECT_VERSION = 1;
				DEVELOPMENT_TEAM = 5MC34UNB4W;
				GENERATE_INFOPLIST_FILE = YES;
				LD_RUNPATH_SEARCH_PATHS = (
					"$(inherited)",
					"@executable_path/Frameworks",
					"@loader_path/Frameworks",
				);
				MARKETING_VERSION = 1.0;
				PRODUCT_BUNDLE_IDENTIFIER = com.andystefani.DemoForFirebaseUITests;
				PRODUCT_NAME = "$(TARGET_NAME)";
				SWIFT_EMIT_LOC_STRINGS = NO;
				SWIFT_VERSION = 5.0;
				TARGETED_DEVICE_FAMILY = "1,2";
				TEST_TARGET_NAME = DemoForFirebase;
			};
			name = Debug;
		};
		ED552AD12756D8800084F2FC /* Release */ = {
			isa = XCBuildConfiguration;
			baseConfigurationReference = 6AC0C24CC3F1E3F097F7E838 /* Pods-DemoForFirebase-DemoForFirebaseUITests.release.xcconfig */;
			buildSettings = {
				ALWAYS_EMBED_SWIFT_STANDARD_LIBRARIES = YES;
				CODE_SIGN_STYLE = Automatic;
				CURRENT_PROJECT_VERSION = 1;
				DEVELOPMENT_TEAM = 5MC34UNB4W;
				GENERATE_INFOPLIST_FILE = YES;
				LD_RUNPATH_SEARCH_PATHS = (
					"$(inherited)",
					"@executable_path/Frameworks",
					"@loader_path/Frameworks",
				);
				MARKETING_VERSION = 1.0;
				PRODUCT_BUNDLE_IDENTIFIER = com.andystefani.DemoForFirebaseUITests;
				PRODUCT_NAME = "$(TARGET_NAME)";
				SWIFT_EMIT_LOC_STRINGS = NO;
				SWIFT_VERSION = 5.0;
				TARGETED_DEVICE_FAMILY = "1,2";
				TEST_TARGET_NAME = DemoForFirebase;
			};
			name = Release;
		};
/* End XCBuildConfiguration section */

/* Begin XCConfigurationList section */
		ED552AA02756D87A0084F2FC /* Build configuration list for PBXProject "DemoForFirebase" */ = {
			isa = XCConfigurationList;
			buildConfigurations = (
				ED552AC72756D8800084F2FC /* Debug */,
				ED552AC82756D8800084F2FC /* Release */,
			);
			defaultConfigurationIsVisible = 0;
			defaultConfigurationName = Release;
		};
		ED552AC92756D8800084F2FC /* Build configuration list for PBXNativeTarget "DemoForFirebase" */ = {
			isa = XCConfigurationList;
			buildConfigurations = (
				ED552ACA2756D8800084F2FC /* Debug */,
				ED552ACB2756D8800084F2FC /* Release */,
			);
			defaultConfigurationIsVisible = 0;
			defaultConfigurationName = Release;
		};
		ED552ACC2756D8800084F2FC /* Build configuration list for PBXNativeTarget "DemoForFirebaseTests" */ = {
			isa = XCConfigurationList;
			buildConfigurations = (
				ED552ACD2756D8800084F2FC /* Debug */,
				ED552ACE2756D8800084F2FC /* Release */,
			);
			defaultConfigurationIsVisible = 0;
			defaultConfigurationName = Release;
		};
		ED552ACF2756D8800084F2FC /* Build configuration list for PBXNativeTarget "DemoForFirebaseUITests" */ = {
			isa = XCConfigurationList;
			buildConfigurations = (
				ED552AD02756D8800084F2FC /* Debug */,
				ED552AD12756D8800084F2FC /* Release */,
			);
			defaultConfigurationIsVisible = 0;
			defaultConfigurationName = Release;
		};
/* End XCConfigurationList section */
	};
	rootObject = ED552A9D2756D87A0084F2FC /* Project object */;
}
